
Microsoft Visual Studio Solution File, Format Version 12.00
# Visual Studio 15
Project("{FAE04EC0-301F-11D3-BF4B-00C04F79EFBC}") = "Unisave", "Unisave.csproj", "{260D62A0-D521-F815-62BF-5328F5F6CC22}"
EndProject
Project("{FAE04EC0-301F-11D3-BF4B-00C04F79EFBC}") = "Assembly-CSharp", "Assembly-CSharp.csproj", "{ED6A93B4-5CAF-2504-1A5D-A7427F2D42F8}"
EndProject
Project("{FAE04EC0-301F-11D3-BF4B-00C04F79EFBC}") = "Unisave.Testing", "Unisave.Testing.csproj", "{2F3691F2-E241-A172-EF99-6AFDEA519297}"
EndProject
Project("{FAE04EC0-301F-11D3-BF4B-00C04F79EFBC}") = "Unisave.Editor", "Unisave.Editor.csproj", "{FA5C5408-F97F-3AC1-DF22-4401B2F776C2}"
EndProject
Global
	GlobalSection(SolutionConfigurationPlatforms) = preSolution
		Debug|Any CPU = Debug|Any CPU
		Release|Any CPU = Release|Any CPU
	EndGlobalSection
	GlobalSection(ProjectConfigurationPlatforms) = postSolution
		{260D62A0-D521-F815-62BF-5328F5F6CC22}.Debug|Any CPU.ActiveCfg = Debug|Any CPU
		{260D62A0-D521-F815-62BF-5328F5F6CC22}.Debug|Any CPU.Build.0 = Debug|Any CPU
		{260D62A0-D521-F815-62BF-5328F5F6CC22}.Release|Any CPU.ActiveCfg = Release|Any CPU
		{260D62A0-D521-F815-62BF-5328F5F6CC22}.Release|Any CPU.Build.0 = Release|Any CPU
		{ED6A93B4-5CAF-2504-1A5D-A7427F2D42F8}.Debug|Any CPU.ActiveCfg = Debug|Any CPU
		{ED6A93B4-5CAF-2504-1A5D-A7427F2D42F8}.Debug|Any CPU.Build.0 = Debug|Any CPU
		{ED6A93B4-5CAF-2504-1A5D-A7427F2D42F8}.Release|Any CPU.ActiveCfg = Release|Any CPU
		{ED6A93B4-5CAF-2504-1A5D-A7427F2D42F8}.Release|Any CPU.Build.0 = Release|Any CPU
		{2F3691F2-E241-A172-EF99-6AFDEA519297}.Debug|Any CPU.ActiveCfg = Debug|Any CPU
		{2F3691F2-E241-A172-EF99-6AFDEA519297}.Debug|Any CPU.Build.0 = Debug|Any CPU
		{2F3691F2-E241-A172-EF99-6AFDEA519297}.Release|Any CPU.ActiveCfg = Release|Any CPU
		{2F3691F2-E241-A172-EF99-6AFDEA519297}.Release|Any CPU.Build.0 = Release|Any CPU
		{FA5C5408-F97F-3AC1-DF22-4401B2F776C2}.Debug|Any CPU.ActiveCfg = Debug|Any CPU
		{FA5C5408-F97F-3AC1-DF22-4401B2F776C2}.Debug|Any CPU.Build.0 = Debug|Any CPU
		{FA5C5408-F97F-3AC1-DF22-4401B2F776C2}.Release|Any CPU.ActiveCfg = Release|Any CPU
		{FA5C5408-F97F-3AC1-DF22-4401B2F776C2}.Release|Any CPU.Build.0 = Release|Any CPU
	EndGlobalSection
	GlobalSection(SolutionProperties) = preSolution
		HideSolutionNode = FALSE
	EndGlobalSection
EndGlobal
